PODS:
  - AFNetworking (4.0.1):
    - AFNetworking/NSURLSession (= 4.0.1)
    - AFNetworking/Reachability (= 4.0.1)
    - AFNetworking/Security (= 4.0.1)
    - AFNetworking/Serialization (= 4.0.1)
    - AFNetworking/UIKit (= 4.0.1)
  - AFNetworking/NSURLSession (4.0.1):
    - AFNetworking/Reachability
    - AFNetworking/Security
    - AFNetworking/Serialization
  - AFNetworking/Reachability (4.0.1)
  - AFNetworking/Security (4.0.1)
  - AFNetworking/Serialization (4.0.1)
  - AFNetworking/UIKit (4.0.1):
    - AFNetworking/NSURLSession
  - Masonry (1.1.0)
  - MBProgressHUD (1.2.0)
  - MJRefresh (3.7.2)
  - MTCategoryComponent (1.3.0):
    - MTCategoryComponent/Foundation (= 1.3.0)
    - MTCategoryComponent/UIKit (= 1.3.0)
  - MTCategoryComponent/Foundation (1.3.0):
    - MTCategoryComponent/Foundation/Sources (= 1.3.0)
  - MTCategoryComponent/Foundation/Sources (1.3.0)
  - MTCategoryComponent/UIKit (1.3.0):
    - MTCategoryComponent/UIKit/UIColor (= 1.3.0)
    - MTCategoryComponent/UIKit/UIControl (= 1.3.0)
    - MTCategoryComponent/UIKit/UIImage (= 1.3.0)
    - MTCategoryComponent/UIKit/UIImageView (= 1.3.0)
    - MTCategoryComponent/UIKit/UIResponder (= 1.3.0)
    - MTCategoryComponent/UIKit/UITableView (= 1.3.0)
    - MTCategoryComponent/UIKit/UITextField (= 1.3.0)
    - MTCategoryComponent/UIKit/UIView (= 1.3.0)
    - MTCategoryComponent/UIKit/UIViewController (= 1.3.0)
  - MTCategoryComponent/UIKit/UIColor (1.3.0)
  - MTCategoryComponent/UIKit/UIControl (1.3.0)
  - MTCategoryComponent/UIKit/UIImage (1.3.0):
    - MTCategoryComponent/UIKit/UIColor
    - MTCategoryComponent/UIKit/UIView
  - MTCategoryComponent/UIKit/UIImageView (1.3.0)
  - MTCategoryComponent/UIKit/UIResponder (1.3.0)
  - MTCategoryComponent/UIKit/UITableView (1.3.0)
  - MTCategoryComponent/UIKit/UITextField (1.3.0)
  - MTCategoryComponent/UIKit/UIView (1.3.0):
    - Masonry
    - MTCategoryComponent/UIKit/UIColor
  - MTCategoryComponent/UIKit/UIViewController (1.3.0):
    - MBProgressHUD
    - MTCategoryComponent/UIKit/UIColor
    - Toast
  - MTHTTPClient (1.0.0):
    - AFNetworking
    - MJRefresh
    - MTCategoryComponent
    - ReactiveObjC (~> 3.1.1)
  - ReactiveObjC (3.1.1)
  - Toast (4.0.0)

DEPENDENCIES:
  - MTHTTPClient (from `../`)

SPEC REPOS:
  https://github.com/CocoaPods/Specs.git:
    - Masonry
    - MBProgressHUD
    - Toast
  https://github.com/lyleLH/MTSpecs.git:
    - MTCategoryComponent
  trunk:
    - AFNetworking
    - MJRefresh
    - ReactiveObjC

EXTERNAL SOURCES:
  MTHTTPClient:
    :path: "../"

SPEC CHECKSUMS:
  AFNetworking: 7864c38297c79aaca1500c33288e429c3451fdce
  Masonry: 678fab65091a9290e40e2832a55e7ab731aad201
  MBProgressHUD: 3ee5efcc380f6a79a7cc9b363dd669c5e1ae7406
  MJRefresh: 30997d30b347c8e9508a4db11e3a690da0c9b85a
  MTCategoryComponent: 097f709679feff15b613d575f42f4cddfbf6b980
  MTHTTPClient: 8892b74bd957228cbb322b5f8157fe51837ee2ba
  ReactiveObjC: 011caa393aa0383245f2dcf9bf02e86b80b36040
  Toast: 91b396c56ee72a5790816f40d3a94dd357abc196

PODFILE CHECKSUM: 133dbced6a0527e9ebe1dbc7d3da17555de2f0c4

COCOAPODS: 1.11.3
